# Generated by buf. DO NOT EDIT.
version: v2
deps:
  - name: buf.build/googleapis/googleapis
    commit: 8bc2c51e08c447cd8886cdea48a73e14
    digest: b5:b7e0ac9d192bd0eae88160101269550281448c51f25121cd0d51957661a350aab07001bc145fe9029a8da10b99ff000ae5b284ecaca9c75f2a99604a04d9b4ab
  - name: buf.build/grpc-ecosystem/grpc-gateway
    commit: a48fcebcf8f140dd9d09359b9bb185a4
    digest: b5:330af8a71b579ab96c4f3ee26929d1a68a5a9e986c7cfe0a898591fc514216bb6e723dc04c74d90fdee3f3f14f9100a54b4f079eb273e6e7213f0d5baca36ff8
  - name: buf.build/grpc/grpc
    commit: 5be6b66617934f1984fd02d4f75f5e13
    digest: b5:a08ecd6f8d0c4218c1665d8029022b79a9f7bb9cc78a9793ba693f1cf57134a49624586f225386b4c4fb424a3c100efa69b4fc7a3da296ede57904fb5f161c22
  - name: buf.build/nvxx/protopatch
    commit: ef95e8420acb4e438d230a2f05895d78
    digest: b5:9850d3835fb74d7c4f9a3bbc656485602e7c1c25eaa98706b316c8af896db255aa1f9cb71d42a3656b200390b1e2c86d91bb8b7453775b921b46e47a0a031a23
